# this file is automatically generated; do not edit by hand.

[deps.mach-glfw]
url = "https://github.com/briar-systems/mach-glfw"
ref = "branch/main"
commit = "56ee66548febe1420c6c254c371bb985b230d02a"

[deps.mach-std]
url = "https://github.com/briar-systems/mach-std"
ref = "branch/main"
commit = "991e20b5284675244443dd8b85b81fef3b1bfb96"
