# generated by `mach dep pull`; do not edit by hand.
version = 1

[deps.mach-gl]
url = "https://github.com/octalide/mach-gl"
ref = "branch/main"
commit = "617d9fd0d391c545b0842bd0cd293a53dee601c1"

[deps.mach-glfw]
url = "https://github.com/octalide/mach-glfw"
ref = "branch/main"
commit = "564f4bac2198b22f3c37116f27dffc722a5ef18b"

[deps.mach-std]
url = "https://github.com/octalide/mach-std"
ref = "branch/main"
commit = "d497671341b3fe204a4c41ae13c3ad593c79be46"
